
Microsoft Visual Studio Solution File, Format Version 12.00
# Visual Studio 15
VisualStudioVersion = 15.0.27703.2000
MinimumVisualStudioVersion = 10.0.40219.1
Project("{FAE04EC0-301F-11D3-BF4B-00C04F79EFBC}") = "TestBot1", "TestBot1.csproj", "{C903066B-0848-47CB-A615-B1F93B253DD3}"
EndProject
Global
	GlobalSection(SolutionConfigurationPlatforms) = preSolution
		Debug|Any CPU = Debug|Any CPU
		Release|Any CPU = Release|Any CPU
	EndGlobalSection
	GlobalSection(ProjectConfigurationPlatforms) = postSolution
		{C903066B-0848-47CB-A615-B1F93B253DD3}.Debug|Any CPU.ActiveCfg = Debug|Any CPU
		{C903066B-0848-47CB-A615-B1F93B253DD3}.Debug|Any CPU.Build.0 = Debug|Any CPU
		{C903066B-0848-47CB-A615-B1F93B253DD3}.Release|Any CPU.ActiveCfg = Release|Any CPU
		{C903066B-0848-47CB-A615-B1F93B253DD3}.Release|Any CPU.Build.0 = Release|Any CPU
	EndGlobalSection
	GlobalSection(SolutionProperties) = preSolution
		HideSolutionNode = FALSE
	EndGlobalSection
	GlobalSection(ExtensibilityGlobals) = postSolution
		SolutionGuid = {06F1CB66-2120-4813-AD2A-53E87FFFBF8E}
	EndGlobalSection
EndGlobal
